# This file was autogenerated by Stack.
# You should not edit this file by hand.
# For more information, please see the documentation at:
#   https://docs.haskellstack.org/en/stable/lock_files

packages:
- completed:
    size: 3496815
    url: https://github.com/GrammaticalFramework/gf-core/archive/eeda03e9b065ee74905b6d593aa88912c78ef8bb.tar.gz
    name: gf
    version: 3.10.4
    sha256: ee7c4be2b98a029a7bfbf678faff606352cbccc262f8ac75a8088d3dec21b94a
    pantry-tree:
      size: 65672
      sha256: 35ebb425ebbfd12a7e3f76ac94022fec61e8d57e5f1817e3938e35d44abf7092
  original:
    url: https://github.com/GrammaticalFramework/gf-core/archive/eeda03e9b065ee74905b6d593aa88912c78ef8bb.tar.gz
- completed:
    hackage: json-0.10@sha256:d9fc6b07ce92b8894825a17d2cf14799856767eb30c8bf55962baa579207d799,3210
    pantry-tree:
      size: 3190
      sha256: 5654f66b7cd8bf087ac040a9b0a83eb064219eab32230f61a3adeddfdbb4d4cd
  original:
    hackage: json-0.10@sha256:d9fc6b07ce92b8894825a17d2cf14799856767eb30c8bf55962baa579207d799,3210
- completed:
    hackage: prettyprinter-1.7.0@sha256:6a9569e21fa61163a7f066d23d701e23e917893e8f39733d6e617ec72787ae5f,6007
    pantry-tree:
      size: 3194
      sha256: d22f820a1f63497f7fd7e1f04b7d356d92de35582258f6ad55428c88b09e63ff
  original:
    hackage: prettyprinter-1.7.0@sha256:6a9569e21fa61163a7f066d23d701e23e917893e8f39733d6e617ec72787ae5f,6007
snapshots:
- completed:
    size: 532177
    url: https://raw.githubusercontent.com/commercialhaskell/stackage-snapshots/master/lts/16/20.yaml
    sha256: 0e14ba5603f01e8496e8984fd84b545a012ca723f51a098c6c9d3694e404dc6d
  original: lts-16.20
